// !$*UTF8*$!
{
	archiveVersion = 1;
	classes = {
	};
	objectVersion = 55;
	objects = {

/* Begin PBXBuildFile section */
		13EA7469287592DA003E43B7 /* ScheduleApp.swift in Sources */ = {isa = PBXBuildFile; fileRef = 13EA7468287592DA003E43B7 /* ScheduleApp.swift */; };
		13EA746B287592DA003E43B7 /* ContentView.swift in Sources */ = {isa = PBXBuildFile; fileRef = 13EA746A287592DA003E43B7 /* ContentView.swift */; };
		13EA746D287592DA003E43B7 /* Assets.xcassets in Resources */ = {isa = PBXBuildFile; fileRef = 13EA746C287592DA003E43B7 /* Assets.xcassets */; };
		13EA7470287592DA003E43B7 /* Preview Assets.xcassets in Resources */ = {isa = PBXBuildFile; fileRef = 13EA746F287592DA003E43B7 /* Preview Assets.xcassets */; };
		13EA7472287592DA003E43B7 /* Persistence.swift in Sources */ = {isa = PBXBuildFile; fileRef = 13EA7471287592DA003E43B7 /* Persistence.swift */; };
		13EA7475287592DA003E43B7 /* Schedule.xcdatamodeld in Sources */ = {isa = PBXBuildFile; fileRef = 13EA7473287592DA003E43B7 /* Schedule.xcdatamodeld */; };
		13EA747F287592DA003E43B7 /* ScheduleTests.swift in Sources */ = {isa = PBXBuildFile; fileRef = 13EA747E287592DA003E43B7 /* ScheduleTests.swift */; };
		13EA7489287592DA003E43B7 /* ScheduleUITests.swift in Sources */ = {isa = PBXBuildFile; fileRef = 13EA7488287592DA003E43B7 /* ScheduleUITests.swift */; };
		13EA748B287592DA003E43B7 /* ScheduleUITestsLaunchTests.swift in Sources */ = {isa = PBXBuildFile; fileRef = 13EA748A287592DA003E43B7 /* ScheduleUITestsLaunchTests.swift */; };
		13EA74982875937B003E43B7 /* TasksView.swift in Sources */ = {isa = PBXBuildFile; fileRef = 13EA74972875937B003E43B7 /* TasksView.swift */; };
/* End PBXBuildFile section */

/* Begin PBXContainerItemProxy section */
		13EA747B287592DA003E43B7 /* PBXContainerItemProxy */ = {
			isa = PBXContainerItemProxy;
			containerPortal = 13EA745D287592D9003E43B7 /* Project object */;
			proxyType = 1;
			remoteGlobalIDString = 13EA7464287592DA003E43B7;
			remoteInfo = Schedule;
		};
		13EA7485287592DA003E43B7 /* PBXContainerItemProxy */ = {
			isa = PBXContainerItemProxy;
			containerPortal = 13EA745D287592D9003E43B7 /* Project object */;
			proxyType = 1;
			remoteGlobalIDString = 13EA7464287592DA003E43B7;
			remoteInfo = Schedule;
		};
/* End PBXContainerItemProxy section */

/* Begin PBXFileReference section */
		13EA7465287592DA003E43B7 /* Schedule.app */ = {isa = PBXFileReference; explicitFileType = wrapper.application; includeInIndex = 0; path = Schedule.app; sourceTree = BUILT_PRODUCTS_DIR; };
		13EA7468287592DA003E43B7 /* ScheduleApp.swift */ = {isa = PBXFileReference; lastKnownFileType = sourcecode.swift; path = ScheduleApp.swift; sourceTree = "<group>"; };
		13EA746A287592DA003E43B7 /* ContentView.swift */ = {isa = PBXFileReference; lastKnownFileType = sourcecode.swift; path = ContentView.swift; sourceTree = "<group>"; };
		13EA746C287592DA003E43B7 /* Assets.xcassets */ = {isa = PBXFileReference; lastKnownFileType = folder.assetcatalog; path = Assets.xcassets; sourceTree = "<group>"; };
		13EA746F287592DA003E43B7 /* Preview Assets.xcassets */ = {isa = PBXFileReference; lastKnownFileType = folder.assetcatalog; path = "Preview Assets.xcassets"; sourceTree = "<group>"; };
		13EA7471287592DA003E43B7 /* Persistence.swift */ = {isa = PBXFileReference; lastKnownFileType = sourcecode.swift; path = Persistence.swift; sourceTree = "<group>"; };
		13EA7474287592DA003E43B7 /* Schedule.xcdatamodel */ = {isa = PBXFileReference; lastKnownFileType = wrapper.xcdatamodel; path = Schedule.xcdatamodel; sourceTree = "<group>"; };
		13EA747A287592DA003E43B7 /* ScheduleTests.xctest */ = {isa = PBXFileReference; explicitFileType = wrapper.cfbundle; includeInIndex = 0; path = ScheduleTests.xctest; sourceTree = BUILT_PRODUCTS_DIR; };
		13EA747E287592DA003E43B7 /* ScheduleTests.swift */ = {isa = PBXFileReference; lastKnownFileType = sourcecode.swift; path = ScheduleTests.swift; sourceTree = "<group>"; };
		13EA7484287592DA003E43B7 /* ScheduleUITests.xctest */ = {isa = PBXFileReference; explicitFileType = wrapper.cfbundle; includeInIndex = 0; path = ScheduleUITests.xctest; sourceTree = BUILT_PRODUCTS_DIR; };
		13EA7488287592DA003E43B7 /* ScheduleUITests.swift */ = {isa = PBXFileReference; lastKnownFileType = sourcecode.swift; path = ScheduleUITests.swift; sourceTree = "<group>"; };
		13EA748A287592DA003E43B7 /* ScheduleUITestsLaunchTests.swift */ = {isa = PBXFileReference; lastKnownFileType = sourcecode.swift; path = ScheduleUITestsLaunchTests.swift; sourceTree = "<group>"; };
		13EA74972875937B003E43B7 /* TasksView.swift */ = {isa = PBXFileReference; lastKnownFileType = sourcecode.swift; path = TasksView.swift; sourceTree = "<group>"; };
/* End PBXFileReference section */

/* Begin PBXFrameworksBuildPhase section */
		13EA7462287592DA003E43B7 /* Frameworks */ = {
			isa = PBXFrameworksBuildPhase;
			buildActionMask = 2147483647;
			files = (
			);
			runOnlyForDeploymentPostprocessing = 0;
		};
		13EA7477287592DA003E43B7 /* Frameworks */ = {
			isa = PBXFrameworksBuildPhase;
			buildActionMask = 2147483647;
			files = (
			);
			runOnlyForDeploymentPostprocessing = 0;
		};
		13EA7481287592DA003E43B7 /* Frameworks */ = {
			isa = PBXFrameworksBuildPhase;
			buildActionMask = 2147483647;
			files = (
			);
			runOnlyForDeploymentPostprocessing = 0;
		};
/* End PBXFrameworksBuildPhase section */

/* Begin PBXGroup section */
		13EA745C287592D9003E43B7 = {
			isa = PBXGroup;
			children = (
				13EA7467287592DA003E43B7 /* Schedule */,
				13EA747D287592DA003E43B7 /* ScheduleTests */,
				13EA7487287592DA003E43B7 /* ScheduleUITests */,
				13EA7466287592DA003E43B7 /* Products */,
			);
			sourceTree = "<group>";
		};
		13EA7466287592DA003E43B7 /* Products */ = {
			isa = PBXGroup;
			children = (
				13EA7465287592DA003E43B7 /* Schedule.app */,
				13EA747A287592DA003E43B7 /* ScheduleTests.xctest */,
				13EA7484287592DA003E43B7 /* ScheduleUITests.xctest */,
			);
			name = Products;
			sourceTree = "<group>";
		};
		13EA7467287592DA003E43B7 /* Schedule */ = {
			isa = PBXGroup;
			children = (
				13EA7468287592DA003E43B7 /* ScheduleApp.swift */,
				13EA746A287592DA003E43B7 /* ContentView.swift */,
				13EA74972875937B003E43B7 /* TasksView.swift */,
				13EA746C287592DA003E43B7 /* Assets.xcassets */,
				13EA7471287592DA003E43B7 /* Persistence.swift */,
				13EA7473287592DA003E43B7 /* Schedule.xcdatamodeld */,
				13EA746E287592DA003E43B7 /* Preview Content */,
			);
			path = Schedule;
			sourceTree = "<group>";
		};
		13EA746E287592DA003E43B7 /* Preview Content */ = {
			isa = PBXGroup;
			children = (
				13EA746F287592DA003E43B7 /* Preview Assets.xcassets */,
			);
			path = "Preview Content";
			sourceTree = "<group>";
		};
		13EA747D287592DA003E43B7 /* ScheduleTests */ = {
			isa = PBXGroup;
			children = (
				13EA747E287592DA003E43B7 /* ScheduleTests.swift */,
			);
			path = ScheduleTests;
			sourceTree = "<group>";
		};
		13EA7487287592DA003E43B7 /* ScheduleUITests */ = {
			isa = PBXGroup;
			children = (
				13EA7488287592DA003E43B7 /* ScheduleUITests.swift */,
				13EA748A287592DA003E43B7 /* ScheduleUITestsLaunchTests.swift */,
			);
			path = ScheduleUITests;
			sourceTree = "<group>";
		};
/* End PBXGroup section */

/* Begin PBXNativeTarget section */
		13EA7464287592DA003E43B7 /* Schedule */ = {
			isa = PBXNativeTarget;
			buildConfigurationList = 13EA748E287592DA003E43B7 /* Build configuration list for PBXNativeTarget "Schedule" */;
			buildPhases = (
				13EA7461287592DA003E43B7 /* Sources */,
				13EA7462287592DA003E43B7 /* Frameworks */,
				13EA7463287592DA003E43B7 /* Resources */,
			);
			buildRules = (
			);
			dependencies = (
			);
			name = Schedule;
			productName = Schedule;
			productReference = 13EA7465287592DA003E43B7 /* Schedule.app */;
			productType = "com.apple.product-type.application";
		};
		13EA7479287592DA003E43B7 /* ScheduleTests */ = {
			isa = PBXNativeTarget;
			buildConfigurationList = 13EA7491287592DA003E43B7 /* Build configuration list for PBXNativeTarget "ScheduleTests" */;
			buildPhases = (
				13EA7476287592DA003E43B7 /* Sources */,
				13EA7477287592DA003E43B7 /* Frameworks */,
				13EA7478287592DA003E43B7 /* Resources */,
			);
			buildRules = (
			);
			dependencies = (
				13EA747C287592DA003E43B7 /* PBXTargetDependency */,
			);
			name = ScheduleTests;
			productName = ScheduleTests;
			productReference = 13EA747A287592DA003E43B7 /* ScheduleTests.xctest */;
			productType = "com.apple.product-type.bundle.unit-test";
		};
		13EA7483287592DA003E43B7 /* ScheduleUITests */ = {
			isa = PBXNativeTarget;
			buildConfigurationList = 13EA7494287592DA003E43B7 /* Build configuration list for PBXNativeTarget "ScheduleUITests" */;
			buildPhases = (
				13EA7480287592DA003E43B7 /* Sources */,
				13EA7481287592DA003E43B7 /* Frameworks */,
				13EA7482287592DA003E43B7 /* Resources */,
			);
			buildRules = (
			);
			dependencies = (
				13EA7486287592DA003E43B7 /* PBXTargetDependency */,
			);
			name = ScheduleUITests;
			productName = ScheduleUITests;
			productReference = 13EA7484287592DA003E43B7 /* ScheduleUITests.xctest */;
			productType = "com.apple.product-type.bundle.ui-testing";
		};
/* End PBXNativeTarget section */

/* Begin PBXProject section */
		13EA745D287592D9003E43B7 /* Project object */ = {
			isa = PBXProject;
			attributes = {
				BuildIndependentTargetsInParallel = 1;
				LastSwiftUpdateCheck = 1330;
				LastUpgradeCheck = 1330;
				TargetAttributes = {
					13EA7464287592DA003E43B7 = {
						CreatedOnToolsVersion = 13.3.1;
					};
					13EA7479287592DA003E43B7 = {
						CreatedOnToolsVersion = 13.3.1;
						TestTargetID = 13EA7464287592DA003E43B7;
					};
					13EA7483287592DA003E43B7 = {
						CreatedOnToolsVersion = 13.3.1;
						TestTargetID = 13EA7464287592DA003E43B7;
					};
				};
			};
			buildConfigurationList = 13EA7460287592D9003E43B7 /* Build configuration list for PBXProject "Schedule" */;
			compatibilityVersion = "Xcode 13.0";
			developmentRegion = en;
			hasScannedForEncodings = 0;
			knownRegions = (
				en,
				Base,
			);
			mainGroup = 13EA745C287592D9003E43B7;
			productRefGroup = 13EA7466287592DA003E43B7 /* Products */;
			projectDirPath = "";
			projectRoot = "";
			targets = (
				13EA7464287592DA003E43B7 /* Schedule */,
				13EA7479287592DA003E43B7 /* ScheduleTests */,
				13EA7483287592DA003E43B7 /* ScheduleUITests */,
			);
		};
/* End PBXProject section */

/* Begin PBXResourcesBuildPhase section */
		13EA7463287592DA003E43B7 /* Resources */ = {
			isa = PBXResourcesBuildPhase;
			buildActionMask = 2147483647;
			files = (
				13EA7470287592DA003E43B7 /* Preview Assets.xcassets in Resources */,
				13EA746D287592DA003E43B7 /* Assets.xcassets in Resources */,
			);
			runOnlyForDeploymentPostprocessing = 0;
		};
		13EA7478287592DA003E43B7 /* Resources */ = {
			isa = PBXResourcesBuildPhase;
			buildActionMask = 2147483647;
			files = (
			);
			runOnlyForDeploymentPostprocessing = 0;
		};
		13EA7482287592DA003E43B7 /* Resources */ = {
			isa = PBXResourcesBuildPhase;
			buildActionMask = 2147483647;
			files = (
			);
			runOnlyForDeploymentPostprocessing = 0;
		};
/* End PBXResourcesBuildPhase section */

/* Begin PBXSourcesBuildPhase section */
		13EA7461287592DA003E43B7 /* Sources */ = {
			isa = PBXSourcesBuildPhase;
			buildActionMask = 2147483647;
			files = (
				13EA7472287592DA003E43B7 /* Persistence.swift in Sources */,
				13EA746B287592DA003E43B7 /* ContentView.swift in Sources */,
				13EA7475287592DA003E43B7 /* Schedule.xcdatamodeld in Sources */,
				13EA7469287592DA003E43B7 /* ScheduleApp.swift in Sources */,
				13EA74982875937B003E43B7 /* TasksView.swift in Sources */,
			);
			runOnlyForDeploymentPostprocessing = 0;
		};
		13EA7476287592DA003E43B7 /* Sources */ = {
			isa = PBXSourcesBuildPhase;
			buildActionMask = 2147483647;
			files = (
				13EA747F287592DA003E43B7 /* ScheduleTests.swift in Sources */,
			);
			runOnlyForDeploymentPostprocessing = 0;
		};
		13EA7480287592DA003E43B7 /* Sources */ = {
			isa = PBXSourcesBuildPhase;
			buildActionMask = 2147483647;
			files = (
				13EA748B287592DA003E43B7 /* ScheduleUITestsLaunchTests.swift in Sources */,
				13EA7489287592DA003E43B7 /* ScheduleUITests.swift in Sources */,
			);
			runOnlyForDeploymentPostprocessing = 0;
		};
/* End PBXSourcesBuildPhase section */

/* Begin PBXTargetDependency section */
		13EA747C287592DA003E43B7 /* PBXTargetDependency */ = {
			isa = PBXTargetDependency;
			target = 13EA7464287592DA003E43B7 /* Schedule */;
			targetProxy = 13EA747B287592DA003E43B7 /* PBXContainerItemProxy */;
		};
		13EA7486287592DA003E43B7 /* PBXTargetDependency */ = {
			isa = PBXTargetDependency;
			target = 13EA7464287592DA003E43B7 /* Schedule */;
			targetProxy = 13EA7485287592DA003E43B7 /* PBXContainerItemProxy */;
		};
/* End PBXTargetDependency section */

/* Begin XCBuildConfiguration section */
		13EA748C287592DA003E43B7 /* Debug */ = {
			isa = XCBuildConfiguration;
			buildSettings = {
				ALWAYS_SEARCH_USER_PATHS = NO;
				CLANG_ANALYZER_NONNULL = YES;
				CLANG_ANALYZER_NUMBER_OBJECT_CONVERSION = YES_AGGRESSIVE;
				CLANG_CXX_LANGUAGE_STANDARD = "gnu++17";
				CLANG_ENABLE_MODULES = YES;
				CLANG_ENABLE_OBJC_ARC = YES;
				CLANG_ENABLE_OBJC_WEAK = YES;
				CLANG_WARN_BLOCK_CAPTURE_AUTORELEASING = YES;
				CLANG_WARN_BOOL_CONVERSION = YES;
				CLANG_WARN_COMMA = YES;
				CLANG_WARN_CONSTANT_CONVERSION = YES;
				CLANG_WARN_DEPRECATED_OBJC_IMPLEMENTATIONS = YES;
				CLANG_WARN_DIRECT_OBJC_ISA_USAGE = YES_ERROR;
				CLANG_WARN_DOCUMENTATION_COMMENTS = YES;
				CLANG_WARN_EMPTY_BODY = YES;
				CLANG_WARN_ENUM_CONVERSION = YES;
				CLANG_WARN_INFINITE_RECURSION = YES;
				CLANG_WARN_INT_CONVERSION = YES;
				CLANG_WARN_NON_LITERAL_NULL_CONVERSION = YES;
				CLANG_WARN_OBJC_IMPLICIT_RETAIN_SELF = YES;
				CLANG_WARN_OBJC_LITERAL_CONVERSION = YES;
				CLANG_WARN_OBJC_ROOT_CLASS = YES_ERROR;
				CLANG_WARN_QUOTED_INCLUDE_IN_FRAMEWORK_HEADER = YES;
				CLANG_WARN_RANGE_LOOP_ANALYSIS = YES;
				CLANG_WARN_STRICT_PROTOTYPES = YES;
				CLANG_WARN_SUSPICIOUS_MOVE = YES;
				CLANG_WARN_UNGUARDED_AVAILABILITY = YES_AGGRESSIVE;
				CLANG_WARN_UNREACHABLE_CODE = YES;
				CLANG_WARN__DUPLICATE_METHOD_MATCH = YES;
				COPY_PHASE_STRIP = NO;
				DEBUG_INFORMATION_FORMAT = dwarf;
				ENABLE_STRICT_OBJC_MSGSEND = YES;
				ENABLE_TESTABILITY = YES;
				GCC_C_LANGUAGE_STANDARD = gnu11;
				GCC_DYNAMIC_NO_PIC = NO;
				GCC_NO_COMMON_BLOCKS = YES;
				GCC_OPTIMIZATION_LEVEL = 0;
				GCC_PREPROCESSOR_DEFINITIONS = (
					"DEBUG=1",
					"$(inherited)",
				);
				GCC_WARN_64_TO_32_BIT_CONVERSION = YES;
				GCC_WARN_ABOUT_RETURN_TYPE = YES_ERROR;
				GCC_WARN_UNDECLARED_SELECTOR = YES;
				GCC_WARN_UNINITIALIZED_AUTOS = YES_AGGRESSIVE;
				GCC_WARN_UNUSED_FUNCTION = YES;
				GCC_WARN_UNUSED_VARIABLE = YES;
				IPHONEOS_DEPLOYMENT_TARGET = 15.4;
				MTL_ENABLE_DEBUG_INFO = INCLUDE_SOURCE;
				MTL_FAST_MATH = YES;
				ONLY_ACTIVE_ARCH = YES;
				SDKROOT = iphoneos;
				SWIFT_ACTIVE_COMPILATION_CONDITIONS = DEBUG;
				SWIFT_OPTIMIZATION_LEVEL = "-Onone";
			};
			name = Debug;
		};
		13EA748D287592DA003E43B7 /* Release */ = {
			isa = XCBuildConfiguration;
			buildSettings = {
				ALWAYS_SEARCH_USER_PATHS = NO;
				CLANG_ANALYZER_NONNULL = YES;
				CLANG_ANALYZER_NUMBER_OBJECT_CONVERSION = YES_AGGRESSIVE;
				CLANG_CXX_LANGUAGE_STANDARD = "gnu++17";
				CLANG_ENABLE_MODULES = YES;
				CLANG_ENABLE_OBJC_ARC = YES;
				CLANG_ENABLE_OBJC_WEAK = YES;
				CLANG_WARN_BLOCK_CAPTURE_AUTORELEASING = YES;
				CLANG_WARN_BOOL_CONVERSION = YES;
				CLANG_WARN_COMMA = YES;
				CLANG_WARN_CONSTANT_CONVERSION = YES;
				CLANG_WARN_DEPRECATED_OBJC_IMPLEMENTATIONS = YES;
				CLANG_WARN_DIRECT_OBJC_ISA_USAGE = YES_ERROR;
				CLANG_WARN_DOCUMENTATION_COMMENTS = YES;
				CLANG_WARN_EMPTY_BODY = YES;
				CLANG_WARN_ENUM_CONVERSION = YES;
				CLANG_WARN_INFINITE_RECURSION = YES;
				CLANG_WARN_INT_CONVERSION = YES;
				CLANG_WARN_NON_LITERAL_NULL_CONVERSION = YES;
				CLANG_WARN_OBJC_IMPLICIT_RETAIN_SELF = YES;
				CLANG_WARN_OBJC_LITERAL_CONVERSION = YES;
				CLANG_WARN_OBJC_ROOT_CLASS = YES_ERROR;
				CLANG_WARN_QUOTED_INCLUDE_IN_FRAMEWORK_HEADER = YES;
				CLANG_WARN_RANGE_LOOP_ANALYSIS = YES;
				CLANG_WARN_STRICT_PROTOTYPES = YES;
				CLANG_WARN_SUSPICIOUS_MOVE = YES;
				CLANG_WARN_UNGUARDED_AVAILABILITY = YES_AGGRESSIVE;
				CLANG_WARN_UNREACHABLE_CODE = YES;
				CLANG_WARN__DUPLICATE_METHOD_MATCH = YES;
				COPY_PHASE_STRIP = NO;
				DEBUG_INFORMATION_FORMAT = "dwarf-with-dsym";
				ENABLE_NS_ASSERTIONS = NO;
				ENABLE_STRICT_OBJC_MSGSEND = YES;
				GCC_C_LANGUAGE_STANDARD = gnu11;
				GCC_NO_COMMON_BLOCKS = YES;
				GCC_WARN_64_TO_32_BIT_CONVERSION = YES;
				GCC_WARN_ABOUT_RETURN_TYPE = YES_ERROR;
				GCC_WARN_UNDECLARED_SELECTOR = YES;
				GCC_WARN_UNINITIALIZED_AUTOS = YES_AGGRESSIVE;
				GCC_WARN_UNUSED_FUNCTION = YES;
				GCC_WARN_UNUSED_VARIABLE = YES;
				IPHONEOS_DEPLOYMENT_TARGET = 15.4;
				MTL_ENABLE_DEBUG_INFO = NO;
				MTL_FAST_MATH = YES;
				SDKROOT = iphoneos;
				SWIFT_COMPILATION_MODE = wholemodule;
				SWIFT_OPTIMIZATION_LEVEL = "-O";
				VALIDATE_PRODUCT = YES;
			};
			name = Release;
		};
		13EA748F287592DA003E43B7 /* Debug */ = {
			isa = XCBuildConfiguration;
			buildSettings = {
				ASSETCATALOG_COMPILER_APPICON_NAME = AppIcon;
				ASSETCATALOG_COMPILER_GLOBAL_ACCENT_COLOR_NAME = AccentColor;
				CODE_SIGN_STYLE = Automatic;
				CURRENT_PROJECT_VERSION = 1;
				DEVELOPMENT_ASSET_PATHS = "\"Schedule/Preview Content\"";
				DEVELOPMENT_TEAM = DQ6L83DHC2;
				ENABLE_PREVIEWS = YES;
				GENERATE_INFOPLIST_FILE = YES;
				INFOPLIST_KEY_UIApplicationSceneManifest_Generation = YES;
				INFOPLIST_KEY_UIApplicationSupportsIndirectInputEvents = YES;
				INFOPLIST_KEY_UILaunchScreen_Generation = YES;
				INFOPLIST_KEY_UISupportedInterfaceOrientations_iPad = "UIInterfaceOrientationPortrait UIInterfaceOrientationPortraitUpsideDown UIInterfaceOrientationLandscapeLeft UIInterfaceOrientationLandscapeRight";
				INFOPLIST_KEY_UISupportedInterfaceOrientations_iPhone = "UIInterfaceOrientationPortrait UIInterfaceOrientationLandscapeLeft UIInterfaceOrientationLandscapeRight";
				LD_RUNPATH_SEARCH_PATHS = (
					"$(inherited)",
					"@executable_path/Frameworks",
				);
				MARKETING_VERSION = 1.0;
				PRODUCT_BUNDLE_IDENTIFIER = me.emvem.Schedule;
				PRODUCT_NAME = "$(TARGET_NAME)";
				SWIFT_EMIT_LOC_STRINGS = YES;
				SWIFT_VERSION = 5.0;
				TARGETED_DEVICE_FAMILY = "1,2";
			};
			name = Debug;
		};
		13EA7490287592DA003E43B7 /* Release */ = {
			isa = XCBuildConfiguration;
			buildSettings = {
				ASSETCATALOG_COMPILER_APPICON_NAME = AppIcon;
				ASSETCATALOG_COMPILER_GLOBAL_ACCENT_COLOR_NAME = AccentColor;
				CODE_SIGN_STYLE = Automatic;
				CURRENT_PROJECT_VERSION = 1;
				DEVELOPMENT_ASSET_PATHS = "\"Schedule/Preview Content\"";
				DEVELOPMENT_TEAM = DQ6L83DHC2;
				ENABLE_PREVIEWS = YES;
				GENERATE_INFOPLIST_FILE = YES;
				INFOPLIST_KEY_UIApplicationSceneManifest_Generation = YES;
				INFOPLIST_KEY_UIApplicationSupportsIndirectInputEvents = YES;
				INFOPLIST_KEY_UILaunchScreen_Generation = YES;
				INFOPLIST_KEY_UISupportedInterfaceOrientations_iPad = "UIInterfaceOrientationPortrait UIInterfaceOrientationPortraitUpsideDown UIInterfaceOrientationLandscapeLeft UIInterfaceOrientationLandscapeRight";
				INFOPLIST_KEY_UISupportedInterfaceOrientations_iPhone = "UIInterfaceOrientationPortrait UIInterfaceOrientationLandscapeLeft UIInterfaceOrientationLandscapeRight";
				LD_RUNPATH_SEARCH_PATHS = (
					"$(inherited)",
					"@executable_path/Frameworks",
				);
				MARKETING_VERSION = 1.0;
				PRODUCT_BUNDLE_IDENTIFIER = me.emvem.Schedule;
				PRODUCT_NAME = "$(TARGET_NAME)";
				SWIFT_EMIT_LOC_STRINGS = YES;
				SWIFT_VERSION = 5.0;
				TARGETED_DEVICE_FAMILY = "1,2";
			};
			name = Release;
		};
		13EA7492287592DA003E43B7 /* Debug */ = {
			isa = XCBuildConfiguration;
			buildSettings = {
				ALWAYS_EMBED_SWIFT_STANDARD_LIBRARIES = YES;
				BUNDLE_LOADER = "$(TEST_HOST)";
				CODE_SIGN_STYLE = Automatic;
				CURRENT_PROJECT_VERSION = 1;
				DEVELOPMENT_TEAM = DQ6L83DHC2;
				GENERATE_INFOPLIST_FILE = YES;
				IPHONEOS_DEPLOYMENT_TARGET = 15.4;
				MARKETING_VERSION = 1.0;
				PRODUCT_BUNDLE_IDENTIFIER = me.emvem.ScheduleTests;
				PRODUCT_NAME = "$(TARGET_NAME)";
				SWIFT_EMIT_LOC_STRINGS = NO;
				SWIFT_VERSION = 5.0;
				TARGETED_DEVICE_FAMILY = "1,2";
				TEST_HOST = "$(BUILT_PRODUCTS_DIR)/Schedule.app/Schedule";
			};
			name = Debug;
		};
		13EA7493287592DA003E43B7 /* Release */ = {
			isa = XCBuildConfiguration;
			buildSettings = {
				ALWAYS_EMBED_SWIFT_STANDARD_LIBRARIES = YES;
				BUNDLE_LOADER = "$(TEST_HOST)";
				CODE_SIGN_STYLE = Automatic;
				CURRENT_PROJECT_VERSION = 1;
				DEVELOPMENT_TEAM = DQ6L83DHC2;
				GENERATE_INFOPLIST_FILE = YES;
				IPHONEOS_DEPLOYMENT_TARGET = 15.4;
				MARKETING_VERSION = 1.0;
				PRODUCT_BUNDLE_IDENTIFIER = me.emvem.ScheduleTests;
				PRODUCT_NAME = "$(TARGET_NAME)";
				SWIFT_EMIT_LOC_STRINGS = NO;
				SWIFT_VERSION = 5.0;
				TARGETED_DEVICE_FAMILY = "1,2";
				TEST_HOST = "$(BUILT_PRODUCTS_DIR)/Schedule.app/Schedule";
			};
			name = Release;
		};
		13EA7495287592DA003E43B7 /* Debug */ = {
			isa = XCBuildConfiguration;
			buildSettings = {
				ALWAYS_EMBED_SWIFT_STANDARD_LIBRARIES = YES;
				CODE_SIGN_STYLE = Automatic;
				CURRENT_PROJECT_VERSION = 1;
				DEVELOPMENT_TEAM = DQ6L83DHC2;
				GENERATE_INFOPLIST_FILE = YES;
				MARKETING_VERSION = 1.0;
				PRODUCT_BUNDLE_IDENTIFIER = me.emvem.ScheduleUITests;
				PRODUCT_NAME = "$(TARGET_NAME)";
				SWIFT_EMIT_LOC_STRINGS = NO;
				SWIFT_VERSION = 5.0;
				TARGETED_DEVICE_FAMILY = "1,2";
				TEST_TARGET_NAME = Schedule;
			};
			name = Debug;
		};
		13EA7496287592DA003E43B7 /* Release */ = {
			isa = XCBuildConfiguration;
			buildSettings = {
				ALWAYS_EMBED_SWIFT_STANDARD_LIBRARIES = YES;
				CODE_SIGN_STYLE = Automatic;
				CURRENT_PROJECT_VERSION = 1;
				DEVELOPMENT_TEAM = DQ6L83DHC2;
				GENERATE_INFOPLIST_FILE = YES;
				MARKETING_VERSION = 1.0;
				PRODUCT_BUNDLE_IDENTIFIER = me.emvem.ScheduleUITests;
				PRODUCT_NAME = "$(TARGET_NAME)";
				SWIFT_EMIT_LOC_STRINGS = NO;
				SWIFT_VERSION = 5.0;
				TARGETED_DEVICE_FAMILY = "1,2";
				TEST_TARGET_NAME = Schedule;
			};
			name = Release;
		};
/* End XCBuildConfiguration section */

/* Begin XCConfigurationList section */
		13EA7460287592D9003E43B7 /* Build configuration list for PBXProject "Schedule" */ = {
			isa = XCConfigurationList;
			buildConfigurations = (
				13EA748C287592DA003E43B7 /* Debug */,
				13EA748D287592DA003E43B7 /* Release */,
			);
			defaultConfigurationIsVisible = 0;
			defaultConfigurationName = Release;
		};
		13EA748E287592DA003E43B7 /* Build configuration list for PBXNativeTarget "Schedule" */ = {
			isa = XCConfigurationList;
			buildConfigurations = (
				13EA748F287592DA003E43B7 /* Debug */,
				13EA7490287592DA003E43B7 /* Release */,
			);
			defaultConfigurationIsVisible = 0;
			defaultConfigurationName = Release;
		};
		13EA7491287592DA003E43B7 /* Build configuration list for PBXNativeTarget "ScheduleTests" */ = {
			isa = XCConfigurationList;
			buildConfigurations = (
				13EA7492287592DA003E43B7 /* Debug */,
				13EA7493287592DA003E43B7 /* Release */,
			);
			defaultConfigurationIsVisible = 0;
			defaultConfigurationName = Release;
		};
		13EA7494287592DA003E43B7 /* Build configuration list for PBXNativeTarget "ScheduleUITests" */ = {
			isa = XCConfigurationList;
			buildConfigurations = (
				13EA7495287592DA003E43B7 /* Debug */,
				13EA7496287592DA003E43B7 /* Release */,
			);
			defaultConfigurationIsVisible = 0;
			defaultConfigurationName = Release;
		};
/* End XCConfigurationList section */

/* Begin XCVersionGroup section */
		13EA7473287592DA003E43B7 /* Schedule.xcdatamodeld */ = {
			isa = XCVersionGroup;
			children = (
				13EA7474287592DA003E43B7 /* Schedule.xcdatamodel */,
			);
			currentVersion = 13EA7474287592DA003E43B7 /* Schedule.xcdatamodel */;
			path = Schedule.xcdatamodeld;
			sourceTree = "<group>";
			versionGroupType = wrapper.xcdatamodel;
		};
/* End XCVersionGroup section */
	};
	rootObject = 13EA745D287592D9003E43B7 /* Project object */;
}
